
Microsoft Visual Studio Solution File, Format Version 12.00
# Visual Studio Version 16
VisualStudioVersion = 16.0.31205.134
MinimumVisualStudioVersion = 10.0.40219.1
Project("{FAE04EC0-301F-11D3-BF4B-00C04F79EFBC}") = "作業0705", "作業0705\作業0705.csproj", "{3D61049D-0248-4F56-99FE-82066DA8E861}"
EndProject
Global
	GlobalSection(SolutionConfigurationPlatforms) = preSolution
		Debug|Any CPU = Debug|Any CPU
		Release|Any CPU = Release|Any CPU
	EndGlobalSection
	GlobalSection(ProjectConfigurationPlatforms) = postSolution
		{3D61049D-0248-4F56-99FE-82066DA8E861}.Debug|Any CPU.ActiveCfg = Debug|Any CPU
		{3D61049D-0248-4F56-99FE-82066DA8E861}.Debug|Any CPU.Build.0 = Debug|Any CPU
		{3D61049D-0248-4F56-99FE-82066DA8E861}.Release|Any CPU.ActiveCfg = Release|Any CPU
		{3D61049D-0248-4F56-99FE-82066DA8E861}.Release|Any CPU.Build.0 = Release|Any CPU
	EndGlobalSection
	GlobalSection(SolutionProperties) = preSolution
		HideSolutionNode = FALSE
	EndGlobalSection
	GlobalSection(ExtensibilityGlobals) = postSolution
		SolutionGuid = {6230C9D9-D658-48D0-A42B-519FC5E7A781}
	EndGlobalSection
EndGlobal
