
Microsoft Visual Studio Solution File, Format Version 12.00
# Visual Studio Version 16
VisualStudioVersion = 16.0.31205.134
MinimumVisualStudioVersion = 10.0.40219.1
Project("{FAE04EC0-301F-11D3-BF4B-00C04F79EFBC}") = "Console_Csharp", "Console_Csharp\Console_Csharp.csproj", "{19FA3938-6395-4364-A344-AD949F8744F9}"
EndProject
Project("{FAE04EC0-301F-11D3-BF4B-00C04F79EFBC}") = "Hello_Forms", "Hello_Forms\Hello_Forms.csproj", "{6619E3FC-8DC3-4E18-BF2A-CB8AF8BB25B3}"
EndProject
Global
	GlobalSection(SolutionConfigurationPlatforms) = preSolution
		Debug|Any CPU = Debug|Any CPU
		Release|Any CPU = Release|Any CPU
	EndGlobalSection
	GlobalSection(ProjectConfigurationPlatforms) = postSolution
		{19FA3938-6395-4364-A344-AD949F8744F9}.Debug|Any CPU.ActiveCfg = Debug|Any CPU
		{19FA3938-6395-4364-A344-AD949F8744F9}.Debug|Any CPU.Build.0 = Debug|Any CPU
		{19FA3938-6395-4364-A344-AD949F8744F9}.Release|Any CPU.ActiveCfg = Release|Any CPU
		{19FA3938-6395-4364-A344-AD949F8744F9}.Release|Any CPU.Build.0 = Release|Any CPU
		{6619E3FC-8DC3-4E18-BF2A-CB8AF8BB25B3}.Debug|Any CPU.ActiveCfg = Debug|Any CPU
		{6619E3FC-8DC3-4E18-BF2A-CB8AF8BB25B3}.Debug|Any CPU.Build.0 = Debug|Any CPU
		{6619E3FC-8DC3-4E18-BF2A-CB8AF8BB25B3}.Release|Any CPU.ActiveCfg = Release|Any CPU
		{6619E3FC-8DC3-4E18-BF2A-CB8AF8BB25B3}.Release|Any CPU.Build.0 = Release|Any CPU
	EndGlobalSection
	GlobalSection(SolutionProperties) = preSolution
		HideSolutionNode = FALSE
	EndGlobalSection
	GlobalSection(ExtensibilityGlobals) = postSolution
		SolutionGuid = {189E1240-36BA-47BA-967A-7B93B482F7A0}
	EndGlobalSection
EndGlobal
